
Microsoft Visual Studio Solution File, Format Version 12.00
# Visual Studio Version 17
VisualStudioVersion = 17.4.33213.308
MinimumVisualStudioVersion = 10.0.40219.1
Project("{9A19103F-16F7-4668-BE54-9A1E7A4F7556}") = "Aiursoft.Apkg", "src\Aiursoft.Apkg\Aiursoft.Apkg.csproj", "{BA680C03-167A-4E05-B015-6B7D9730A053}"
EndProject
Project("{2150E333-8FDC-42A3-9474-1A3956D46DE8}") = "src", "src", "{D06A8D96-DB83-4EDE-9017-F7F4F7287246}"
EndProject
Project("{FAE04EC0-301F-11D3-BF4B-00C04F79EFBC}") = "Aiursoft.Apkg.Entities", "src\Aiursoft.Apkg.Entities\Aiursoft.Apkg.Entities.csproj", "{CE678858-07F1-48FD-A0F5-2FE15A51A23B}"
EndProject
Project("{FAE04EC0-301F-11D3-BF4B-00C04F79EFBC}") = "Aiursoft.Apkg.InMemory", "src\Aiursoft.Apkg.InMemory\Aiursoft.Apkg.InMemory.csproj", "{2D040851-BE2F-4800-83EE-6167A380072D}"
EndProject
Project("{FAE04EC0-301F-11D3-BF4B-00C04F79EFBC}") = "Aiursoft.Apkg.Sqlite", "src\Aiursoft.Apkg.Sqlite\Aiursoft.Apkg.Sqlite.csproj", "{EE97266D-14E3-4DAE-89F1-E5480A6F4E1A}"
EndProject
Project("{FAE04EC0-301F-11D3-BF4B-00C04F79EFBC}") = "Aiursoft.Apkg.MySql", "src\Aiursoft.Apkg.MySql\Aiursoft.Apkg.MySql.csproj", "{949A7B0D-C969-4DEB-A5B3-93C9466B439C}"
EndProject
Project("{2150E333-8FDC-42A3-9474-1A3956D46DE8}") = "tests", "tests", "{0AB3BF05-4346-4AA6-1389-037BE0695223}"
EndProject
Project("{FAE04EC0-301F-11D3-BF4B-00C04F79EFBC}") = "Aiursoft.Apkg.WebTests", "tests\Aiursoft.Apkg.WebTests\Aiursoft.Apkg.WebTests.csproj", "{2A64A54E-2B72-4B08-9CB8-C244F9853871}"
EndProject
Project("{FAE04EC0-301F-11D3-BF4B-00C04F79EFBC}") = "Aiursoft.AptClient.Abstractions", "src\Aiursoft.AptClient.Abstractions\Aiursoft.AptClient.Abstractions.csproj", "{AA2E1F24-23F5-43FC-BE54-6C28329BA74A}"
EndProject
Project("{FAE04EC0-301F-11D3-BF4B-00C04F79EFBC}") = "Aiursoft.AptClient.SampleApp", "src\Aiursoft.AptClient.SampleApp\Aiursoft.AptClient.SampleApp.csproj", "{56A54527-29C0-4A87-BF3A-36345687F7C3}"
EndProject
Project("{FAE04EC0-301F-11D3-BF4B-00C04F79EFBC}") = "Aiursoft.AptClient", "src\Aiursoft.AptClient\Aiursoft.AptClient.csproj", "{1326B443-2519-4AC4-84D7-F10C9A63E914}"
EndProject
Project("{FAE04EC0-301F-11D3-BF4B-00C04F79EFBC}") = "Aiursoft.AptClient.Tests", "tests\Aiursoft.AptClient.Tests\Aiursoft.AptClient.Tests.csproj", "{18CC5D45-B21A-4A99-AA20-1C5132D697F0}"
EndProject
Project("{FAE04EC0-301F-11D3-BF4B-00C04F79EFBC}") = "Aiursoft.Apkg.EfBenchmark", "tests\Aiursoft.Apkg.EfBenchmark\Aiursoft.Apkg.EfBenchmark.csproj", "{45AE7BA2-E07F-461D-BBAC-E35359EF4DC0}"
EndProject
Global
	GlobalSection(SolutionConfigurationPlatforms) = preSolution
		Debug|Any CPU = Debug|Any CPU
		Debug|x64 = Debug|x64
		Debug|x86 = Debug|x86
		Release|Any CPU = Release|Any CPU
		Release|x64 = Release|x64
		Release|x86 = Release|x86
	EndGlobalSection
	GlobalSection(ProjectConfigurationPlatforms) = postSolution
		{BA680C03-167A-4E05-B015-6B7D9730A053}.Debug|Any CPU.ActiveCfg = Debug|Any CPU
		{BA680C03-167A-4E05-B015-6B7D9730A053}.Debug|Any CPU.Build.0 = Debug|Any CPU
		{BA680C03-167A-4E05-B015-6B7D9730A053}.Debug|x64.ActiveCfg = Debug|Any CPU
		{BA680C03-167A-4E05-B015-6B7D9730A053}.Debug|x64.Build.0 = Debug|Any CPU
		{BA680C03-167A-4E05-B015-6B7D9730A053}.Debug|x86.ActiveCfg = Debug|Any CPU
		{BA680C03-167A-4E05-B015-6B7D9730A053}.Debug|x86.Build.0 = Debug|Any CPU
		{BA680C03-167A-4E05-B015-6B7D9730A053}.Release|Any CPU.ActiveCfg = Release|Any CPU
		{BA680C03-167A-4E05-B015-6B7D9730A053}.Release|Any CPU.Build.0 = Release|Any CPU
		{BA680C03-167A-4E05-B015-6B7D9730A053}.Release|x64.ActiveCfg = Release|Any CPU
		{BA680C03-167A-4E05-B015-6B7D9730A053}.Release|x64.Build.0 = Release|Any CPU
		{BA680C03-167A-4E05-B015-6B7D9730A053}.Release|x86.ActiveCfg = Release|Any CPU
		{BA680C03-167A-4E05-B015-6B7D9730A053}.Release|x86.Build.0 = Release|Any CPU
		{CE678858-07F1-48FD-A0F5-2FE15A51A23B}.Debug|Any CPU.ActiveCfg = Debug|Any CPU
		{CE678858-07F1-48FD-A0F5-2FE15A51A23B}.Debug|Any CPU.Build.0 = Debug|Any CPU
		{CE678858-07F1-48FD-A0F5-2FE15A51A23B}.Debug|x64.ActiveCfg = Debug|Any CPU
		{CE678858-07F1-48FD-A0F5-2FE15A51A23B}.Debug|x64.Build.0 = Debug|Any CPU
		{CE678858-07F1-48FD-A0F5-2FE15A51A23B}.Debug|x86.ActiveCfg = Debug|Any CPU
		{CE678858-07F1-48FD-A0F5-2FE15A51A23B}.Debug|x86.Build.0 = Debug|Any CPU
		{CE678858-07F1-48FD-A0F5-2FE15A51A23B}.Release|Any CPU.ActiveCfg = Release|Any CPU
		{CE678858-07F1-48FD-A0F5-2FE15A51A23B}.Release|Any CPU.Build.0 = Release|Any CPU
		{CE678858-07F1-48FD-A0F5-2FE15A51A23B}.Release|x64.ActiveCfg = Release|Any CPU
		{CE678858-07F1-48FD-A0F5-2FE15A51A23B}.Release|x64.Build.0 = Release|Any CPU
		{CE678858-07F1-48FD-A0F5-2FE15A51A23B}.Release|x86.ActiveCfg = Release|Any CPU
		{CE678858-07F1-48FD-A0F5-2FE15A51A23B}.Release|x86.Build.0 = Release|Any CPU
		{2D040851-BE2F-4800-83EE-6167A380072D}.Debug|Any CPU.ActiveCfg = Debug|Any CPU
		{2D040851-BE2F-4800-83EE-6167A380072D}.Debug|Any CPU.Build.0 = Debug|Any CPU
		{2D040851-BE2F-4800-83EE-6167A380072D}.Debug|x64.ActiveCfg = Debug|Any CPU
		{2D040851-BE2F-4800-83EE-6167A380072D}.Debug|x64.Build.0 = Debug|Any CPU
		{2D040851-BE2F-4800-83EE-6167A380072D}.Debug|x86.ActiveCfg = Debug|Any CPU
		{2D040851-BE2F-4800-83EE-6167A380072D}.Debug|x86.Build.0 = Debug|Any CPU
		{2D040851-BE2F-4800-83EE-6167A380072D}.Release|Any CPU.ActiveCfg = Release|Any CPU
		{2D040851-BE2F-4800-83EE-6167A380072D}.Release|Any CPU.Build.0 = Release|Any CPU
		{2D040851-BE2F-4800-83EE-6167A380072D}.Release|x64.ActiveCfg = Release|Any CPU
		{2D040851-BE2F-4800-83EE-6167A380072D}.Release|x64.Build.0 = Release|Any CPU
		{2D040851-BE2F-4800-83EE-6167A380072D}.Release|x86.ActiveCfg = Release|Any CPU
		{2D040851-BE2F-4800-83EE-6167A380072D}.Release|x86.Build.0 = Release|Any CPU
		{EE97266D-14E3-4DAE-89F1-E5480A6F4E1A}.Debug|Any CPU.ActiveCfg = Debug|Any CPU
		{EE97266D-14E3-4DAE-89F1-E5480A6F4E1A}.Debug|Any CPU.Build.0 = Debug|Any CPU
		{EE97266D-14E3-4DAE-89F1-E5480A6F4E1A}.Debug|x64.ActiveCfg = Debug|Any CPU
		{EE97266D-14E3-4DAE-89F1-E5480A6F4E1A}.Debug|x64.Build.0 = Debug|Any CPU
		{EE97266D-14E3-4DAE-89F1-E5480A6F4E1A}.Debug|x86.ActiveCfg = Debug|Any CPU
		{EE97266D-14E3-4DAE-89F1-E5480A6F4E1A}.Debug|x86.Build.0 = Debug|Any CPU
		{EE97266D-14E3-4DAE-89F1-E5480A6F4E1A}.Release|Any CPU.ActiveCfg = Release|Any CPU
		{EE97266D-14E3-4DAE-89F1-E5480A6F4E1A}.Release|Any CPU.Build.0 = Release|Any CPU
		{EE97266D-14E3-4DAE-89F1-E5480A6F4E1A}.Release|x64.ActiveCfg = Release|Any CPU
		{EE97266D-14E3-4DAE-89F1-E5480A6F4E1A}.Release|x64.Build.0 = Release|Any CPU
		{EE97266D-14E3-4DAE-89F1-E5480A6F4E1A}.Release|x86.ActiveCfg = Release|Any CPU
		{EE97266D-14E3-4DAE-89F1-E5480A6F4E1A}.Release|x86.Build.0 = Release|Any CPU
		{949A7B0D-C969-4DEB-A5B3-93C9466B439C}.Debug|Any CPU.ActiveCfg = Debug|Any CPU
		{949A7B0D-C969-4DEB-A5B3-93C9466B439C}.Debug|Any CPU.Build.0 = Debug|Any CPU
		{949A7B0D-C969-4DEB-A5B3-93C9466B439C}.Debug|x64.ActiveCfg = Debug|Any CPU
		{949A7B0D-C969-4DEB-A5B3-93C9466B439C}.Debug|x64.Build.0 = Debug|Any CPU
		{949A7B0D-C969-4DEB-A5B3-93C9466B439C}.Debug|x86.ActiveCfg = Debug|Any CPU
		{949A7B0D-C969-4DEB-A5B3-93C9466B439C}.Debug|x86.Build.0 = Debug|Any CPU
		{949A7B0D-C969-4DEB-A5B3-93C9466B439C}.Release|Any CPU.ActiveCfg = Release|Any CPU
		{949A7B0D-C969-4DEB-A5B3-93C9466B439C}.Release|Any CPU.Build.0 = Release|Any CPU
		{949A7B0D-C969-4DEB-A5B3-93C9466B439C}.Release|x64.ActiveCfg = Release|Any CPU
		{949A7B0D-C969-4DEB-A5B3-93C9466B439C}.Release|x64.Build.0 = Release|Any CPU
		{949A7B0D-C969-4DEB-A5B3-93C9466B439C}.Release|x86.ActiveCfg = Release|Any CPU
		{949A7B0D-C969-4DEB-A5B3-93C9466B439C}.Release|x86.Build.0 = Release|Any CPU
		{2A64A54E-2B72-4B08-9CB8-C244F9853871}.Debug|Any CPU.ActiveCfg = Debug|Any CPU
		{2A64A54E-2B72-4B08-9CB8-C244F9853871}.Debug|Any CPU.Build.0 = Debug|Any CPU
		{2A64A54E-2B72-4B08-9CB8-C244F9853871}.Debug|x64.ActiveCfg = Debug|Any CPU
		{2A64A54E-2B72-4B08-9CB8-C244F9853871}.Debug|x64.Build.0 = Debug|Any CPU
		{2A64A54E-2B72-4B08-9CB8-C244F9853871}.Debug|x86.ActiveCfg = Debug|Any CPU
		{2A64A54E-2B72-4B08-9CB8-C244F9853871}.Debug|x86.Build.0 = Debug|Any CPU
		{2A64A54E-2B72-4B08-9CB8-C244F9853871}.Release|Any CPU.ActiveCfg = Release|Any CPU
		{2A64A54E-2B72-4B08-9CB8-C244F9853871}.Release|Any CPU.Build.0 = Release|Any CPU
		{2A64A54E-2B72-4B08-9CB8-C244F9853871}.Release|x64.ActiveCfg = Release|Any CPU
		{2A64A54E-2B72-4B08-9CB8-C244F9853871}.Release|x64.Build.0 = Release|Any CPU
		{2A64A54E-2B72-4B08-9CB8-C244F9853871}.Release|x86.ActiveCfg = Release|Any CPU
		{2A64A54E-2B72-4B08-9CB8-C244F9853871}.Release|x86.Build.0 = Release|Any CPU
		{AA2E1F24-23F5-43FC-BE54-6C28329BA74A}.Debug|Any CPU.ActiveCfg = Debug|Any CPU
		{AA2E1F24-23F5-43FC-BE54-6C28329BA74A}.Debug|Any CPU.Build.0 = Debug|Any CPU
		{AA2E1F24-23F5-43FC-BE54-6C28329BA74A}.Debug|x64.ActiveCfg = Debug|Any CPU
		{AA2E1F24-23F5-43FC-BE54-6C28329BA74A}.Debug|x64.Build.0 = Debug|Any CPU
		{AA2E1F24-23F5-43FC-BE54-6C28329BA74A}.Debug|x86.ActiveCfg = Debug|Any CPU
		{AA2E1F24-23F5-43FC-BE54-6C28329BA74A}.Debug|x86.Build.0 = Debug|Any CPU
		{AA2E1F24-23F5-43FC-BE54-6C28329BA74A}.Release|Any CPU.ActiveCfg = Release|Any CPU
		{AA2E1F24-23F5-43FC-BE54-6C28329BA74A}.Release|Any CPU.Build.0 = Release|Any CPU
		{AA2E1F24-23F5-43FC-BE54-6C28329BA74A}.Release|x64.ActiveCfg = Release|Any CPU
		{AA2E1F24-23F5-43FC-BE54-6C28329BA74A}.Release|x64.Build.0 = Release|Any CPU
		{AA2E1F24-23F5-43FC-BE54-6C28329BA74A}.Release|x86.ActiveCfg = Release|Any CPU
		{AA2E1F24-23F5-43FC-BE54-6C28329BA74A}.Release|x86.Build.0 = Release|Any CPU
		{56A54527-29C0-4A87-BF3A-36345687F7C3}.Debug|Any CPU.ActiveCfg = Debug|Any CPU
		{56A54527-29C0-4A87-BF3A-36345687F7C3}.Debug|Any CPU.Build.0 = Debug|Any CPU
		{56A54527-29C0-4A87-BF3A-36345687F7C3}.Debug|x64.ActiveCfg = Debug|Any CPU
		{56A54527-29C0-4A87-BF3A-36345687F7C3}.Debug|x64.Build.0 = Debug|Any CPU
		{56A54527-29C0-4A87-BF3A-36345687F7C3}.Debug|x86.ActiveCfg = Debug|Any CPU
		{56A54527-29C0-4A87-BF3A-36345687F7C3}.Debug|x86.Build.0 = Debug|Any CPU
		{56A54527-29C0-4A87-BF3A-36345687F7C3}.Release|Any CPU.ActiveCfg = Release|Any CPU
		{56A54527-29C0-4A87-BF3A-36345687F7C3}.Release|Any CPU.Build.0 = Release|Any CPU
		{56A54527-29C0-4A87-BF3A-36345687F7C3}.Release|x64.ActiveCfg = Release|Any CPU
		{56A54527-29C0-4A87-BF3A-36345687F7C3}.Release|x64.Build.0 = Release|Any CPU
		{56A54527-29C0-4A87-BF3A-36345687F7C3}.Release|x86.ActiveCfg = Release|Any CPU
		{56A54527-29C0-4A87-BF3A-36345687F7C3}.Release|x86.Build.0 = Release|Any CPU
		{1326B443-2519-4AC4-84D7-F10C9A63E914}.Debug|Any CPU.ActiveCfg = Debug|Any CPU
		{1326B443-2519-4AC4-84D7-F10C9A63E914}.Debug|Any CPU.Build.0 = Debug|Any CPU
		{1326B443-2519-4AC4-84D7-F10C9A63E914}.Debug|x64.ActiveCfg = Debug|Any CPU
		{1326B443-2519-4AC4-84D7-F10C9A63E914}.Debug|x64.Build.0 = Debug|Any CPU
		{1326B443-2519-4AC4-84D7-F10C9A63E914}.Debug|x86.ActiveCfg = Debug|Any CPU
		{1326B443-2519-4AC4-84D7-F10C9A63E914}.Debug|x86.Build.0 = Debug|Any CPU
		{1326B443-2519-4AC4-84D7-F10C9A63E914}.Release|Any CPU.ActiveCfg = Release|Any CPU
		{1326B443-2519-4AC4-84D7-F10C9A63E914}.Release|Any CPU.Build.0 = Release|Any CPU
		{1326B443-2519-4AC4-84D7-F10C9A63E914}.Release|x64.ActiveCfg = Release|Any CPU
		{1326B443-2519-4AC4-84D7-F10C9A63E914}.Release|x64.Build.0 = Release|Any CPU
		{1326B443-2519-4AC4-84D7-F10C9A63E914}.Release|x86.ActiveCfg = Release|Any CPU
		{1326B443-2519-4AC4-84D7-F10C9A63E914}.Release|x86.Build.0 = Release|Any CPU
		{18CC5D45-B21A-4A99-AA20-1C5132D697F0}.Debug|Any CPU.ActiveCfg = Debug|Any CPU
		{18CC5D45-B21A-4A99-AA20-1C5132D697F0}.Debug|Any CPU.Build.0 = Debug|Any CPU
		{18CC5D45-B21A-4A99-AA20-1C5132D697F0}.Debug|x64.ActiveCfg = Debug|Any CPU
		{18CC5D45-B21A-4A99-AA20-1C5132D697F0}.Debug|x64.Build.0 = Debug|Any CPU
		{18CC5D45-B21A-4A99-AA20-1C5132D697F0}.Debug|x86.ActiveCfg = Debug|Any CPU
		{18CC5D45-B21A-4A99-AA20-1C5132D697F0}.Debug|x86.Build.0 = Debug|Any CPU
		{18CC5D45-B21A-4A99-AA20-1C5132D697F0}.Release|Any CPU.ActiveCfg = Release|Any CPU
		{18CC5D45-B21A-4A99-AA20-1C5132D697F0}.Release|Any CPU.Build.0 = Release|Any CPU
		{18CC5D45-B21A-4A99-AA20-1C5132D697F0}.Release|x64.ActiveCfg = Release|Any CPU
		{18CC5D45-B21A-4A99-AA20-1C5132D697F0}.Release|x64.Build.0 = Release|Any CPU
		{18CC5D45-B21A-4A99-AA20-1C5132D697F0}.Release|x86.ActiveCfg = Release|Any CPU
		{18CC5D45-B21A-4A99-AA20-1C5132D697F0}.Release|x86.Build.0 = Release|Any CPU
		{45AE7BA2-E07F-461D-BBAC-E35359EF4DC0}.Debug|Any CPU.ActiveCfg = Debug|Any CPU
		{45AE7BA2-E07F-461D-BBAC-E35359EF4DC0}.Debug|Any CPU.Build.0 = Debug|Any CPU
		{45AE7BA2-E07F-461D-BBAC-E35359EF4DC0}.Debug|x64.ActiveCfg = Debug|Any CPU
		{45AE7BA2-E07F-461D-BBAC-E35359EF4DC0}.Debug|x64.Build.0 = Debug|Any CPU
		{45AE7BA2-E07F-461D-BBAC-E35359EF4DC0}.Debug|x86.ActiveCfg = Debug|Any CPU
		{45AE7BA2-E07F-461D-BBAC-E35359EF4DC0}.Debug|x86.Build.0 = Debug|Any CPU
		{45AE7BA2-E07F-461D-BBAC-E35359EF4DC0}.Release|Any CPU.ActiveCfg = Release|Any CPU
		{45AE7BA2-E07F-461D-BBAC-E35359EF4DC0}.Release|Any CPU.Build.0 = Release|Any CPU
		{45AE7BA2-E07F-461D-BBAC-E35359EF4DC0}.Release|x64.ActiveCfg = Release|Any CPU
		{45AE7BA2-E07F-461D-BBAC-E35359EF4DC0}.Release|x64.Build.0 = Release|Any CPU
		{45AE7BA2-E07F-461D-BBAC-E35359EF4DC0}.Release|x86.ActiveCfg = Release|Any CPU
		{45AE7BA2-E07F-461D-BBAC-E35359EF4DC0}.Release|x86.Build.0 = Release|Any CPU
	EndGlobalSection
	GlobalSection(SolutionProperties) = preSolution
		HideSolutionNode = FALSE
	EndGlobalSection
	GlobalSection(NestedProjects) = preSolution
		{BA680C03-167A-4E05-B015-6B7D9730A053} = {D06A8D96-DB83-4EDE-9017-F7F4F7287246}
		{CE678858-07F1-48FD-A0F5-2FE15A51A23B} = {D06A8D96-DB83-4EDE-9017-F7F4F7287246}
		{2D040851-BE2F-4800-83EE-6167A380072D} = {D06A8D96-DB83-4EDE-9017-F7F4F7287246}
		{EE97266D-14E3-4DAE-89F1-E5480A6F4E1A} = {D06A8D96-DB83-4EDE-9017-F7F4F7287246}
		{949A7B0D-C969-4DEB-A5B3-93C9466B439C} = {D06A8D96-DB83-4EDE-9017-F7F4F7287246}
		{2A64A54E-2B72-4B08-9CB8-C244F9853871} = {0AB3BF05-4346-4AA6-1389-037BE0695223}
		{AA2E1F24-23F5-43FC-BE54-6C28329BA74A} = {D06A8D96-DB83-4EDE-9017-F7F4F7287246}
		{56A54527-29C0-4A87-BF3A-36345687F7C3} = {D06A8D96-DB83-4EDE-9017-F7F4F7287246}
		{1326B443-2519-4AC4-84D7-F10C9A63E914} = {D06A8D96-DB83-4EDE-9017-F7F4F7287246}
		{18CC5D45-B21A-4A99-AA20-1C5132D697F0} = {0AB3BF05-4346-4AA6-1389-037BE0695223}
		{45AE7BA2-E07F-461D-BBAC-E35359EF4DC0} = {0AB3BF05-4346-4AA6-1389-037BE0695223}
	EndGlobalSection
	GlobalSection(ExtensibilityGlobals) = postSolution
		SolutionGuid = {99B1D64C-C9EB-4F4A-BD58-E028DB8E68A3}
	EndGlobalSection
EndGlobal
